// !$*UTF8*$!
{
	archiveVersion = 1;
	classes = {
	};
	objectVersion = 51;
	objects = {

/* Begin PBXBuildFile section */
		16A2850057AE1F69684AB79B /* Pods_VTableViewwithAPI.framework in Frameworks */ = {isa = PBXBuildFile; fileRef = 49E73C5A715ECC06A66F3B92 /* Pods_VTableViewwithAPI.framework */; };
		189C09F423FA831700F79559 /* AppDelegate.swift in Sources */ = {isa = PBXBuildFile; fileRef = 189C09F323FA831700F79559 /* AppDelegate.swift */; };
		189C09F623FA831700F79559 /* SceneDelegate.swift in Sources */ = {isa = PBXBuildFile; fileRef = 189C09F523FA831700F79559 /* SceneDelegate.swift */; };
		189C09F823FA831700F79559 /* ViewController.swift in Sources */ = {isa = PBXBuildFile; fileRef = 189C09F723FA831700F79559 /* ViewController.swift */; };
		189C09FB23FA831700F79559 /* Main.storyboard in Resources */ = {isa = PBXBuildFile; fileRef = 189C09F923FA831700F79559 /* Main.storyboard */; };
		189C09FD23FA831900F79559 /* Assets.xcassets in Resources */ = {isa = PBXBuildFile; fileRef = 189C09FC23FA831900F79559 /* Assets.xcassets */; };
		189C0A0023FA831900F79559 /* LaunchScreen.storyboard in Resources */ = {isa = PBXBuildFile; fileRef = 189C09FE23FA831900F79559 /* LaunchScreen.storyboard */; };
		189C0A0823FA848F00F79559 /* TableViewCell.swift in Sources */ = {isa = PBXBuildFile; fileRef = 189C0A0723FA848F00F79559 /* TableViewCell.swift */; };
		189C0A0B23FA881900F79559 /* File.swift in Sources */ = {isa = PBXBuildFile; fileRef = 189C0A0A23FA881900F79559 /* File.swift */; };
/* End PBXBuildFile section */

/* Begin PBXFileReference section */
		189C09F023FA831700F79559 /* VTableViewwithAPI.app */ = {isa = PBXFileReference; explicitFileType = wrapper.application; includeInIndex = 0; path = VTableViewwithAPI.app; sourceTree = BUILT_PRODUCTS_DIR; };
		189C09F323FA831700F79559 /* AppDelegate.swift */ = {isa = PBXFileReference; lastKnownFileType = sourcecode.swift; path = AppDelegate.swift; sourceTree = "<group>"; };
		189C09F523FA831700F79559 /* SceneDelegate.swift */ = {isa = PBXFileReference; lastKnownFileType = sourcecode.swift; path = SceneDelegate.swift; sourceTree = "<group>"; };
		189C09F723FA831700F79559 /* ViewController.swift */ = {isa = PBXFileReference; lastKnownFileType = sourcecode.swift; path = ViewController.swift; sourceTree = "<group>"; };
		189C09FA23FA831700F79559 /* Base */ = {isa = PBXFileReference; lastKnownFileType = file.storyboard; name = Base; path = Base.lproj/Main.storyboard; sourceTree = "<group>"; };
		189C09FC23FA831900F79559 /* Assets.xcassets */ = {isa = PBXFileReference; lastKnownFileType = folder.assetcatalog; path = Assets.xcassets; sourceTree = "<group>"; };
		189C09FF23FA831900F79559 /* Base */ = {isa = PBXFileReference; lastKnownFileType = file.storyboard; name = Base; path = Base.lproj/LaunchScreen.storyboard; sourceTree = "<group>"; };
		189C0A0123FA831900F79559 /* Info.plist */ = {isa = PBXFileReference; lastKnownFileType = text.plist.xml; path = Info.plist; sourceTree = "<group>"; };
		189C0A0723FA848F00F79559 /* TableViewCell.swift */ = {isa = PBXFileReference; lastKnownFileType = sourcecode.swift; path = TableViewCell.swift; sourceTree = "<group>"; };
		189C0A0A23FA881900F79559 /* File.swift */ = {isa = PBXFileReference; lastKnownFileType = sourcecode.swift; path = File.swift; sourceTree = "<group>"; };
		49E73C5A715ECC06A66F3B92 /* Pods_VTableViewwithAPI.framework */ = {isa = PBXFileReference; explicitFileType = wrapper.framework; includeInIndex = 0; path = Pods_VTableViewwithAPI.framework; sourceTree = BUILT_PRODUCTS_DIR; };
		BC6DF86BB20BB3BCF6DFD715 /* Pods-VTableViewwithAPI.release.xcconfig */ = {isa = PBXFileReference; includeInIndex = 1; lastKnownFileType = text.xcconfig; name = "Pods-VTableViewwithAPI.release.xcconfig"; path = "Target Support Files/Pods-VTableViewwithAPI/Pods-VTableViewwithAPI.release.xcconfig"; sourceTree = "<group>"; };
		EB4D0F0B81847565A5F9F163 /* Pods-VTableViewwithAPI.debug.xcconfig */ = {isa = PBXFileReference; includeInIndex = 1; lastKnownFileType = text.xcconfig; name = "Pods-VTableViewwithAPI.debug.xcconfig"; path = "Target Support Files/Pods-VTableViewwithAPI/Pods-VTableViewwithAPI.debug.xcconfig"; sourceTree = "<group>"; };
/* End PBXFileReference section */

/* Begin PBXFrameworksBuildPhase section */
		189C09ED23FA831700F79559 /* Frameworks */ = {
			isa = PBXFrameworksBuildPhase;
			buildActionMask = 2147483647;
			files = (
				16A2850057AE1F69684AB79B /* Pods_VTableViewwithAPI.framework in Frameworks */,
			);
			runOnlyForDeploymentPostprocessing = 0;
		};
/* End PBXFrameworksBuildPhase section */

/* Begin PBXGroup section */
		0060D015907C1B06AC7D0E01 /* Frameworks */ = {
			isa = PBXGroup;
			children = (
				49E73C5A715ECC06A66F3B92 /* Pods_VTableViewwithAPI.framework */,
			);
			name = Frameworks;
			sourceTree = "<group>";
		};
		189C09E723FA831700F79559 = {
			isa = PBXGroup;
			children = (
				189C09F223FA831700F79559 /* VTableViewwithAPI */,
				189C09F123FA831700F79559 /* Products */,
				DA9FCA193B3FBB02C2D8F4D7 /* Pods */,
				0060D015907C1B06AC7D0E01 /* Frameworks */,
			);
			sourceTree = "<group>";
		};
		189C09F123FA831700F79559 /* Products */ = {
			isa = PBXGroup;
			children = (
				189C09F023FA831700F79559 /* VTableViewwithAPI.app */,
			);
			name = Products;
			sourceTree = "<group>";
		};
		189C09F223FA831700F79559 /* VTableViewwithAPI */ = {
			isa = PBXGroup;
			children = (
				189C0A0923FA87F200F79559 /* Model */,
				189C09F323FA831700F79559 /* AppDelegate.swift */,
				189C09F523FA831700F79559 /* SceneDelegate.swift */,
				189C09F723FA831700F79559 /* ViewController.swift */,
				189C09F923FA831700F79559 /* Main.storyboard */,
				189C0A0723FA848F00F79559 /* TableViewCell.swift */,
				189C09FC23FA831900F79559 /* Assets.xcassets */,
				189C09FE23FA831900F79559 /* LaunchScreen.storyboard */,
				189C0A0123FA831900F79559 /* Info.plist */,
			);
			path = VTableViewwithAPI;
			sourceTree = "<group>";
		};
		189C0A0923FA87F200F79559 /* Model */ = {
			isa = PBXGroup;
			children = (
				189C0A0A23FA881900F79559 /* File.swift */,
			);
			path = Model;
			sourceTree = "<group>";
		};
		DA9FCA193B3FBB02C2D8F4D7 /* Pods */ = {
			isa = PBXGroup;
			children = (
				EB4D0F0B81847565A5F9F163 /* Pods-VTableViewwithAPI.debug.xcconfig */,
				BC6DF86BB20BB3BCF6DFD715 /* Pods-VTableViewwithAPI.release.xcconfig */,
			);
			path = Pods;
			sourceTree = "<group>";
		};
/* End PBXGroup section */

/* Begin PBXNativeTarget section */
		189C09EF23FA831700F79559 /* VTableViewwithAPI */ = {
			isa = PBXNativeTarget;
			buildConfigurationList = 189C0A0423FA831900F79559 /* Build configuration list for PBXNativeTarget "VTableViewwithAPI" */;
			buildPhases = (
				E64984638AC78C1356CCB009 /* [CP] Check Pods Manifest.lock */,
				189C09EC23FA831700F79559 /* Sources */,
				189C09ED23FA831700F79559 /* Frameworks */,
				189C09EE23FA831700F79559 /* Resources */,
				9A7E9C14DDD828445774B916 /* [CP] Embed Pods Frameworks */,
			);
			buildRules = (
			);
			dependencies = (
			);
			name = VTableViewwithAPI;
			productName = VTableViewwithAPI;
			productReference = 189C09F023FA831700F79559 /* VTableViewwithAPI.app */;
			productType = "com.apple.product-type.application";
		};
/* End PBXNativeTarget section */

/* Begin PBXProject section */
		189C09E823FA831700F79559 /* Project object */ = {
			isa = PBXProject;
			attributes = {
				LastSwiftUpdateCheck = 1130;
				LastUpgradeCheck = 1130;
				ORGANIZATIONNAME = "Apple MacBook Pro";
				TargetAttributes = {
					189C09EF23FA831700F79559 = {
						CreatedOnToolsVersion = 11.3.1;
					};
				};
			};
			buildConfigurationList = 189C09EB23FA831700F79559 /* Build configuration list for PBXProject "VTableViewwithAPI" */;
			compatibilityVersion = "Xcode 9.3";
			developmentRegion = en;
			hasScannedForEncodings = 0;
			knownRegions = (
				en,
				Base,
			);
			mainGroup = 189C09E723FA831700F79559;
			productRefGroup = 189C09F123FA831700F79559 /* Products */;
			projectDirPath = "";
			projectRoot = "";
			targets = (
				189C09EF23FA831700F79559 /* VTableViewwithAPI */,
			);
		};
/* End PBXProject section */

/* Begin PBXResourcesBuildPhase section */
		189C09EE23FA831700F79559 /* Resources */ = {
			isa = PBXResourcesBuildPhase;
			buildActionMask = 2147483647;
			files = (
				189C0A0023FA831900F79559 /* LaunchScreen.storyboard in Resources */,
				189C09FD23FA831900F79559 /* Assets.xcassets in Resources */,
				189C09FB23FA831700F79559 /* Main.storyboard in Resources */,
			);
			runOnlyForDeploymentPostprocessing = 0;
		};
/* End PBXResourcesBuildPhase section */

/* Begin PBXShellScriptBuildPhase section */
		9A7E9C14DDD828445774B916 /* [CP] Embed Pods Frameworks */ = {
			isa = PBXShellScriptBuildPhase;
			buildActionMask = 2147483647;
			files = (
			);
			inputFileListPaths = (
				"${PODS_ROOT}/Target Support Files/Pods-VTableViewwithAPI/Pods-VTableViewwithAPI-frameworks-${CONFIGURATION}-input-files.xcfilelist",
			);
			name = "[CP] Embed Pods Frameworks";
			outputFileListPaths = (
				"${PODS_ROOT}/Target Support Files/Pods-VTableViewwithAPI/Pods-VTableViewwithAPI-frameworks-${CONFIGURATION}-output-files.xcfilelist",
			);
			runOnlyForDeploymentPostprocessing = 0;
			shellPath = /bin/sh;
			shellScript = "\"${PODS_ROOT}/Target Support Files/Pods-VTableViewwithAPI/Pods-VTableViewwithAPI-frameworks.sh\"\n";
			showEnvVarsInLog = 0;
		};
		E64984638AC78C1356CCB009 /* [CP] Check Pods Manifest.lock */ = {
			isa = PBXShellScriptBuildPhase;
			buildActionMask = 2147483647;
			files = (
			);
			inputFileListPaths = (
			);
			inputPaths = (
				"${PODS_PODFILE_DIR_PATH}/Podfile.lock",
				"${PODS_ROOT}/Manifest.lock",
			);
			name = "[CP] Check Pods Manifest.lock";
			outputFileListPaths = (
			);
			outputPaths = (
				"$(DERIVED_FILE_DIR)/Pods-VTableViewwithAPI-checkManifestLockResult.txt",
			);
			runOnlyForDeploymentPostprocessing = 0;
			shellPath = /bin/sh;
			shellScript = "diff \"${PODS_PODFILE_DIR_PATH}/Podfile.lock\" \"${PODS_ROOT}/Manifest.lock\" > /dev/null\nif [ $? != 0 ] ; then\n    # print error to STDERR\n    echo \"error: The sandbox is not in sync with the Podfile.lock. Run 'pod install' or update your CocoaPods installation.\" >&2\n    exit 1\nfi\n# This output is used by Xcode 'outputs' to avoid re-running this script phase.\necho \"SUCCESS\" > \"${SCRIPT_OUTPUT_FILE_0}\"\n";
			showEnvVarsInLog = 0;
		};
/* End PBXShellScriptBuildPhase section */

/* Begin PBXSourcesBuildPhase section */
		189C09EC23FA831700F79559 /* Sources */ = {
			isa = PBXSourcesBuildPhase;
			buildActionMask = 2147483647;
			files = (
				189C0A0B23FA881900F79559 /* File.swift in Sources */,
				189C09F823FA831700F79559 /* ViewController.swift in Sources */,
				189C0A0823FA848F00F79559 /* TableViewCell.swift in Sources */,
				189C09F423FA831700F79559 /* AppDelegate.swift in Sources */,
				189C09F623FA831700F79559 /* SceneDelegate.swift in Sources */,
			);
			runOnlyForDeploymentPostprocessing = 0;
		};
/* End PBXSourcesBuildPhase section */

/* Begin PBXVariantGroup section */
		189C09F923FA831700F79559 /* Main.storyboard */ = {
			isa = PBXVariantGroup;
			children = (
				189C09FA23FA831700F79559 /* Base */,
			);
			name = Main.storyboard;
			sourceTree = "<group>";
		};
		189C09FE23FA831900F79559 /* LaunchScreen.storyboard */ = {
			isa = PBXVariantGroup;
			children = (
				189C09FF23FA831900F79559 /* Base */,
			);
			name = LaunchScreen.storyboard;
			sourceTree = "<group>";
		};
/* End PBXVariantGroup section */

/* Begin XCBuildConfiguration section */
		189C0A0223FA831900F79559 /* Debug */ = {
			isa = XCBuildConfiguration;
			buildSettings = {
				ALWAYS_SEARCH_USER_PATHS = NO;
				CLANG_ANALYZER_NONNULL = YES;
				CLANG_ANALYZER_NUMBER_OBJECT_CONVERSION = YES_AGGRESSIVE;
				CLANG_CXX_LANGUAGE_STANDARD = "gnu++14";
				CLANG_CXX_LIBRARY = "libc++";
				CLANG_ENABLE_MODULES = YES;
				CLANG_ENABLE_OBJC_ARC = YES;
				CLANG_ENABLE_OBJC_WEAK = YES;
				CLANG_WARN_BLOCK_CAPTURE_AUTORELEASING = YES;
				CLANG_WARN_BOOL_CONVERSION = YES;
				CLANG_WARN_COMMA = YES;
				CLANG_WARN_CONSTANT_CONVERSION = YES;
				CLANG_WARN_DEPRECATED_OBJC_IMPLEMENTATIONS = YES;
				CLANG_WARN_DIRECT_OBJC_ISA_USAGE = YES_ERROR;
				CLANG_WARN_DOCUMENTATION_COMMENTS = YES;
				CLANG_WARN_EMPTY_BODY = YES;
				CLANG_WARN_ENUM_CONVERSION = YES;
				CLANG_WARN_INFINITE_RECURSION = YES;
				CLANG_WARN_INT_CONVERSION = YES;
				CLANG_WARN_NON_LITERAL_NULL_CONVERSION = YES;
				CLANG_WARN_OBJC_IMPLICIT_RETAIN_SELF = YES;
				CLANG_WARN_OBJC_LITERAL_CONVERSION = YES;
				CLANG_WARN_OBJC_ROOT_CLASS = YES_ERROR;
				CLANG_WARN_RANGE_LOOP_ANALYSIS = YES;
				CLANG_WARN_STRICT_PROTOTYPES = YES;
				CLANG_WARN_SUSPICIOUS_MOVE = YES;
				CLANG_WARN_UNGUARDED_AVAILABILITY = YES_AGGRESSIVE;
				CLANG_WARN_UNREACHABLE_CODE = YES;
				CLANG_WARN__DUPLICATE_METHOD_MATCH = YES;
				COPY_PHASE_STRIP = NO;
				DEBUG_INFORMATION_FORMAT = dwarf;
				ENABLE_STRICT_OBJC_MSGSEND = YES;
				ENABLE_TESTABILITY = YES;
				GCC_C_LANGUAGE_STANDARD = gnu11;
				GCC_DYNAMIC_NO_PIC = NO;
				GCC_NO_COMMON_BLOCKS = YES;
				GCC_OPTIMIZATION_LEVEL = 0;
				GCC_PREPROCESSOR_DEFINITIONS = (
					"DEBUG=1",
					"$(inherited)",
				);
				GCC_WARN_64_TO_32_BIT_CONVERSION = YES;
				GCC_WARN_ABOUT_RETURN_TYPE = YES_ERROR;
				GCC_WARN_UNDECLARED_SELECTOR = YES;
				GCC_WARN_UNINITIALIZED_AUTOS = YES_AGGRESSIVE;
				GCC_WARN_UNUSED_FUNCTION = YES;
				GCC_WARN_UNUSED_VARIABLE = YES;
				IPHONEOS_DEPLOYMENT_TARGET = 13.2;
				MTL_ENABLE_DEBUG_INFO = INCLUDE_SOURCE;
				MTL_FAST_MATH = YES;
				ONLY_ACTIVE_ARCH = YES;
				SDKROOT = iphoneos;
				SWIFT_ACTIVE_COMPILATION_CONDITIONS = DEBUG;
				SWIFT_OPTIMIZATION_LEVEL = "-Onone";
			};
			name = Debug;
		};
		189C0A0323FA831900F79559 /* Release */ = {
			isa = XCBuildConfiguration;
			buildSettings = {
				ALWAYS_SEARCH_USER_PATHS = NO;
				CLANG_ANALYZER_NONNULL = YES;
				CLANG_ANALYZER_NUMBER_OBJECT_CONVERSION = YES_AGGRESSIVE;
				CLANG_CXX_LANGUAGE_STANDARD = "gnu++14";
				CLANG_CXX_LIBRARY = "libc++";
				CLANG_ENABLE_MODULES = YES;
				CLANG_ENABLE_OBJC_ARC = YES;
				CLANG_ENABLE_OBJC_WEAK = YES;
				CLANG_WARN_BLOCK_CAPTURE_AUTORELEASING = YES;
				CLANG_WARN_BOOL_CONVERSION = YES;
				CLANG_WARN_COMMA = YES;
				CLANG_WARN_CONSTANT_CONVERSION = YES;
				CLANG_WARN_DEPRECATED_OBJC_IMPLEMENTATIONS = YES;
				CLANG_WARN_DIRECT_OBJC_ISA_USAGE = YES_ERROR;
				CLANG_WARN_DOCUMENTATION_COMMENTS = YES;
				CLANG_WARN_EMPTY_BODY = YES;
				CLANG_WARN_ENUM_CONVERSION = YES;
				CLANG_WARN_INFINITE_RECURSION = YES;
				CLANG_WARN_INT_CONVERSION = YES;
				CLANG_WARN_NON_LITERAL_NULL_CONVERSION = YES;
				CLANG_WARN_OBJC_IMPLICIT_RETAIN_SELF = YES;
				CLANG_WARN_OBJC_LITERAL_CONVERSION = YES;
				CLANG_WARN_OBJC_ROOT_CLASS = YES_ERROR;
				CLANG_WARN_RANGE_LOOP_ANALYSIS = YES;
				CLANG_WARN_STRICT_PROTOTYPES = YES;
				CLANG_WARN_SUSPICIOUS_MOVE = YES;
				CLANG_WARN_UNGUARDED_AVAILABILITY = YES_AGGRESSIVE;
				CLANG_WARN_UNREACHABLE_CODE = YES;
				CLANG_WARN__DUPLICATE_METHOD_MATCH = YES;
				COPY_PHASE_STRIP = NO;
				DEBUG_INFORMATION_FORMAT = "dwarf-with-dsym";
				ENABLE_NS_ASSERTIONS = NO;
				ENABLE_STRICT_OBJC_MSGSEND = YES;
				GCC_C_LANGUAGE_STANDARD = gnu11;
				GCC_NO_COMMON_BLOCKS = YES;
				GCC_WARN_64_TO_32_BIT_CONVERSION = YES;
				GCC_WARN_ABOUT_RETURN_TYPE = YES_ERROR;
				GCC_WARN_UNDECLARED_SELECTOR = YES;
				GCC_WARN_UNINITIALIZED_AUTOS = YES_AGGRESSIVE;
				GCC_WARN_UNUSED_FUNCTION = YES;
				GCC_WARN_UNUSED_VARIABLE = YES;
				IPHONEOS_DEPLOYMENT_TARGET = 13.2;
				MTL_ENABLE_DEBUG_INFO = NO;
				MTL_FAST_MATH = YES;
				SDKROOT = iphoneos;
				SWIFT_COMPILATION_MODE = wholemodule;
				SWIFT_OPTIMIZATION_LEVEL = "-O";
				VALIDATE_PRODUCT = YES;
			};
			name = Release;
		};
		189C0A0523FA831900F79559 /* Debug */ = {
			isa = XCBuildConfiguration;
			baseConfigurationReference = EB4D0F0B81847565A5F9F163 /* Pods-VTableViewwithAPI.debug.xcconfig */;
			buildSettings = {
				ASSETCATALOG_COMPILER_APPICON_NAME = AppIcon;
				CODE_SIGN_STYLE = Automatic;
				INFOPLIST_FILE = VTableViewwithAPI/Info.plist;
				LD_RUNPATH_SEARCH_PATHS = (
					"$(inherited)",
					"@executable_path/Frameworks",
				);
				PRODUCT_BUNDLE_IDENTIFIER = BITI.VTableViewwithAPI;
				PRODUCT_NAME = "$(TARGET_NAME)";
				SWIFT_VERSION = 5.0;
				TARGETED_DEVICE_FAMILY = "1,2";
			};
			name = Debug;
		};
		189C0A0623FA831900F79559 /* Release */ = {
			isa = XCBuildConfiguration;
			baseConfigurationReference = BC6DF86BB20BB3BCF6DFD715 /* Pods-VTableViewwithAPI.release.xcconfig */;
			buildSettings = {
				ASSETCATALOG_COMPILER_APPICON_NAME = AppIcon;
				CODE_SIGN_STYLE = Automatic;
				INFOPLIST_FILE = VTableViewwithAPI/Info.plist;
				LD_RUNPATH_SEARCH_PATHS = (
					"$(inherited)",
					"@executable_path/Frameworks",
				);
				PRODUCT_BUNDLE_IDENTIFIER = BITI.VTableViewwithAPI;
				PRODUCT_NAME = "$(TARGET_NAME)";
				SWIFT_VERSION = 5.0;
				TARGETED_DEVICE_FAMILY = "1,2";
			};
			name = Release;
		};
/* End XCBuildConfiguration section */

/* Begin XCConfigurationList section */
		189C09EB23FA831700F79559 /* Build configuration list for PBXProject "VTableViewwithAPI" */ = {
			isa = XCConfigurationList;
			buildConfigurations = (
				189C0A0223FA831900F79559 /* Debug */,
				189C0A0323FA831900F79559 /* Release */,
			);
			defaultConfigurationIsVisible = 0;
			defaultConfigurationName = Release;
		};
		189C0A0423FA831900F79559 /* Build configuration list for PBXNativeTarget "VTableViewwithAPI" */ = {
			isa = XCConfigurationList;
			buildConfigurations = (
				189C0A0523FA831900F79559 /* Debug */,
				189C0A0623FA831900F79559 /* Release */,
			);
			defaultConfigurationIsVisible = 0;
			defaultConfigurationName = Release;
		};
/* End XCConfigurationList section */
	};
	rootObject = 189C09E823FA831700F79559 /* Project object */;
}
